
Microsoft Visual Studio Solution File, Format Version 12.00
# Visual Studio 15
VisualStudioVersion = 15.0.28307.136
MinimumVisualStudioVersion = 10.0.40219.1
Project("{FAE04EC0-301F-11D3-BF4B-00C04F79EFBC}") = "Radiance", "Radiance\Radiance.csproj", "{E27BF8F1-06D3-4D3A-AE14-19FB85D6946B}"
EndProject
Project("{FAE04EC0-301F-11D3-BF4B-00C04F79EFBC}") = "RayCaster", "RayCaster\RayCaster.csproj", "{3E6F963D-D020-4F9F-A75F-841E94B0CE3F}"
EndProject
Project("{FAE04EC0-301F-11D3-BF4B-00C04F79EFBC}") = "TestsUWP", "TestsUWP\TestsUWP.csproj", "{479F157F-8CF3-4057-AB7E-FD3B3679882F}"
EndProject
Project("{FAE04EC0-301F-11D3-BF4B-00C04F79EFBC}") = "TestsCore", "TestsCore\TestsCore.csproj", "{AC4B66E3-A9EB-44CC-8DC7-11571727DA4C}"
EndProject
Project("{FAE04EC0-301F-11D3-BF4B-00C04F79EFBC}") = "TestsStandart", "TestsStandart\TestsStandart.csproj", "{4CD3CF09-D01D-4218-9171-F223C10A43A3}"
EndProject
Global
	GlobalSection(SolutionConfigurationPlatforms) = preSolution
		Debug|Any CPU = Debug|Any CPU
		Debug|ARM = Debug|ARM
		Debug|ARM64 = Debug|ARM64
		Debug|x64 = Debug|x64
		Debug|x86 = Debug|x86
		Release|Any CPU = Release|Any CPU
		Release|ARM = Release|ARM
		Release|ARM64 = Release|ARM64
		Release|x64 = Release|x64
		Release|x86 = Release|x86
	EndGlobalSection
	GlobalSection(ProjectConfigurationPlatforms) = postSolution
		{E27BF8F1-06D3-4D3A-AE14-19FB85D6946B}.Debug|Any CPU.ActiveCfg = Debug|x86
		{E27BF8F1-06D3-4D3A-AE14-19FB85D6946B}.Debug|ARM.ActiveCfg = Debug|ARM
		{E27BF8F1-06D3-4D3A-AE14-19FB85D6946B}.Debug|ARM.Build.0 = Debug|ARM
		{E27BF8F1-06D3-4D3A-AE14-19FB85D6946B}.Debug|ARM.Deploy.0 = Debug|ARM
		{E27BF8F1-06D3-4D3A-AE14-19FB85D6946B}.Debug|ARM64.ActiveCfg = Debug|ARM64
		{E27BF8F1-06D3-4D3A-AE14-19FB85D6946B}.Debug|ARM64.Build.0 = Debug|ARM64
		{E27BF8F1-06D3-4D3A-AE14-19FB85D6946B}.Debug|ARM64.Deploy.0 = Debug|ARM64
		{E27BF8F1-06D3-4D3A-AE14-19FB85D6946B}.Debug|x64.ActiveCfg = Debug|x64
		{E27BF8F1-06D3-4D3A-AE14-19FB85D6946B}.Debug|x64.Build.0 = Debug|x64
		{E27BF8F1-06D3-4D3A-AE14-19FB85D6946B}.Debug|x64.Deploy.0 = Debug|x64
		{E27BF8F1-06D3-4D3A-AE14-19FB85D6946B}.Debug|x86.ActiveCfg = Debug|x86
		{E27BF8F1-06D3-4D3A-AE14-19FB85D6946B}.Debug|x86.Build.0 = Debug|x86
		{E27BF8F1-06D3-4D3A-AE14-19FB85D6946B}.Debug|x86.Deploy.0 = Debug|x86
		{E27BF8F1-06D3-4D3A-AE14-19FB85D6946B}.Release|Any CPU.ActiveCfg = Release|x86
		{E27BF8F1-06D3-4D3A-AE14-19FB85D6946B}.Release|ARM.ActiveCfg = Release|ARM
		{E27BF8F1-06D3-4D3A-AE14-19FB85D6946B}.Release|ARM.Build.0 = Release|ARM
		{E27BF8F1-06D3-4D3A-AE14-19FB85D6946B}.Release|ARM.Deploy.0 = Release|ARM
		{E27BF8F1-06D3-4D3A-AE14-19FB85D6946B}.Release|ARM64.ActiveCfg = Release|ARM64
		{E27BF8F1-06D3-4D3A-AE14-19FB85D6946B}.Release|ARM64.Build.0 = Release|ARM64
		{E27BF8F1-06D3-4D3A-AE14-19FB85D6946B}.Release|ARM64.Deploy.0 = Release|ARM64
		{E27BF8F1-06D3-4D3A-AE14-19FB85D6946B}.Release|x64.ActiveCfg = Release|x64
		{E27BF8F1-06D3-4D3A-AE14-19FB85D6946B}.Release|x64.Build.0 = Release|x64
		{E27BF8F1-06D3-4D3A-AE14-19FB85D6946B}.Release|x64.Deploy.0 = Release|x64
		{E27BF8F1-06D3-4D3A-AE14-19FB85D6946B}.Release|x86.ActiveCfg = Release|x86
		{E27BF8F1-06D3-4D3A-AE14-19FB85D6946B}.Release|x86.Build.0 = Release|x86
		{E27BF8F1-06D3-4D3A-AE14-19FB85D6946B}.Release|x86.Deploy.0 = Release|x86
		{3E6F963D-D020-4F9F-A75F-841E94B0CE3F}.Debug|Any CPU.ActiveCfg = Debug|x86
		{3E6F963D-D020-4F9F-A75F-841E94B0CE3F}.Debug|ARM.ActiveCfg = Debug|ARM
		{3E6F963D-D020-4F9F-A75F-841E94B0CE3F}.Debug|ARM.Build.0 = Debug|ARM
		{3E6F963D-D020-4F9F-A75F-841E94B0CE3F}.Debug|ARM.Deploy.0 = Debug|ARM
		{3E6F963D-D020-4F9F-A75F-841E94B0CE3F}.Debug|ARM64.ActiveCfg = Debug|ARM64
		{3E6F963D-D020-4F9F-A75F-841E94B0CE3F}.Debug|ARM64.Build.0 = Debug|ARM64
		{3E6F963D-D020-4F9F-A75F-841E94B0CE3F}.Debug|ARM64.Deploy.0 = Debug|ARM64
		{3E6F963D-D020-4F9F-A75F-841E94B0CE3F}.Debug|x64.ActiveCfg = Debug|x64
		{3E6F963D-D020-4F9F-A75F-841E94B0CE3F}.Debug|x64.Build.0 = Debug|x64
		{3E6F963D-D020-4F9F-A75F-841E94B0CE3F}.Debug|x64.Deploy.0 = Debug|x64
		{3E6F963D-D020-4F9F-A75F-841E94B0CE3F}.Debug|x86.ActiveCfg = Debug|x86
		{3E6F963D-D020-4F9F-A75F-841E94B0CE3F}.Debug|x86.Build.0 = Debug|x86
		{3E6F963D-D020-4F9F-A75F-841E94B0CE3F}.Debug|x86.Deploy.0 = Debug|x86
		{3E6F963D-D020-4F9F-A75F-841E94B0CE3F}.Release|Any CPU.ActiveCfg = Release|x86
		{3E6F963D-D020-4F9F-A75F-841E94B0CE3F}.Release|ARM.ActiveCfg = Release|ARM
		{3E6F963D-D020-4F9F-A75F-841E94B0CE3F}.Release|ARM.Build.0 = Release|ARM
		{3E6F963D-D020-4F9F-A75F-841E94B0CE3F}.Release|ARM.Deploy.0 = Release|ARM
		{3E6F963D-D020-4F9F-A75F-841E94B0CE3F}.Release|ARM64.ActiveCfg = Release|ARM64
		{3E6F963D-D020-4F9F-A75F-841E94B0CE3F}.Release|ARM64.Build.0 = Release|ARM64
		{3E6F963D-D020-4F9F-A75F-841E94B0CE3F}.Release|ARM64.Deploy.0 = Release|ARM64
		{3E6F963D-D020-4F9F-A75F-841E94B0CE3F}.Release|x64.ActiveCfg = Release|x64
		{3E6F963D-D020-4F9F-A75F-841E94B0CE3F}.Release|x64.Build.0 = Release|x64
		{3E6F963D-D020-4F9F-A75F-841E94B0CE3F}.Release|x64.Deploy.0 = Release|x64
		{3E6F963D-D020-4F9F-A75F-841E94B0CE3F}.Release|x86.ActiveCfg = Release|x86
		{3E6F963D-D020-4F9F-A75F-841E94B0CE3F}.Release|x86.Build.0 = Release|x86
		{3E6F963D-D020-4F9F-A75F-841E94B0CE3F}.Release|x86.Deploy.0 = Release|x86
		{479F157F-8CF3-4057-AB7E-FD3B3679882F}.Debug|Any CPU.ActiveCfg = Debug|x86
		{479F157F-8CF3-4057-AB7E-FD3B3679882F}.Debug|ARM.ActiveCfg = Debug|ARM
		{479F157F-8CF3-4057-AB7E-FD3B3679882F}.Debug|ARM.Build.0 = Debug|ARM
		{479F157F-8CF3-4057-AB7E-FD3B3679882F}.Debug|ARM.Deploy.0 = Debug|ARM
		{479F157F-8CF3-4057-AB7E-FD3B3679882F}.Debug|ARM64.ActiveCfg = Debug|ARM64
		{479F157F-8CF3-4057-AB7E-FD3B3679882F}.Debug|ARM64.Build.0 = Debug|ARM64
		{479F157F-8CF3-4057-AB7E-FD3B3679882F}.Debug|ARM64.Deploy.0 = Debug|ARM64
		{479F157F-8CF3-4057-AB7E-FD3B3679882F}.Debug|x64.ActiveCfg = Debug|x64
		{479F157F-8CF3-4057-AB7E-FD3B3679882F}.Debug|x64.Build.0 = Debug|x64
		{479F157F-8CF3-4057-AB7E-FD3B3679882F}.Debug|x64.Deploy.0 = Debug|x64
		{479F157F-8CF3-4057-AB7E-FD3B3679882F}.Debug|x86.ActiveCfg = Debug|x86
		{479F157F-8CF3-4057-AB7E-FD3B3679882F}.Debug|x86.Build.0 = Debug|x86
		{479F157F-8CF3-4057-AB7E-FD3B3679882F}.Debug|x86.Deploy.0 = Debug|x86
		{479F157F-8CF3-4057-AB7E-FD3B3679882F}.Release|Any CPU.ActiveCfg = Release|x86
		{479F157F-8CF3-4057-AB7E-FD3B3679882F}.Release|ARM.ActiveCfg = Release|ARM
		{479F157F-8CF3-4057-AB7E-FD3B3679882F}.Release|ARM.Build.0 = Release|ARM
		{479F157F-8CF3-4057-AB7E-FD3B3679882F}.Release|ARM.Deploy.0 = Release|ARM
		{479F157F-8CF3-4057-AB7E-FD3B3679882F}.Release|ARM64.ActiveCfg = Release|ARM64
		{479F157F-8CF3-4057-AB7E-FD3B3679882F}.Release|ARM64.Build.0 = Release|ARM64
		{479F157F-8CF3-4057-AB7E-FD3B3679882F}.Release|ARM64.Deploy.0 = Release|ARM64
		{479F157F-8CF3-4057-AB7E-FD3B3679882F}.Release|x64.ActiveCfg = Release|x64
		{479F157F-8CF3-4057-AB7E-FD3B3679882F}.Release|x64.Build.0 = Release|x64
		{479F157F-8CF3-4057-AB7E-FD3B3679882F}.Release|x64.Deploy.0 = Release|x64
		{479F157F-8CF3-4057-AB7E-FD3B3679882F}.Release|x86.ActiveCfg = Release|x86
		{479F157F-8CF3-4057-AB7E-FD3B3679882F}.Release|x86.Build.0 = Release|x86
		{479F157F-8CF3-4057-AB7E-FD3B3679882F}.Release|x86.Deploy.0 = Release|x86
		{AC4B66E3-A9EB-44CC-8DC7-11571727DA4C}.Debug|Any CPU.ActiveCfg = Debug|Any CPU
		{AC4B66E3-A9EB-44CC-8DC7-11571727DA4C}.Debug|Any CPU.Build.0 = Debug|Any CPU
		{AC4B66E3-A9EB-44CC-8DC7-11571727DA4C}.Debug|ARM.ActiveCfg = Debug|Any CPU
		{AC4B66E3-A9EB-44CC-8DC7-11571727DA4C}.Debug|ARM.Build.0 = Debug|Any CPU
		{AC4B66E3-A9EB-44CC-8DC7-11571727DA4C}.Debug|ARM64.ActiveCfg = Debug|Any CPU
		{AC4B66E3-A9EB-44CC-8DC7-11571727DA4C}.Debug|ARM64.Build.0 = Debug|Any CPU
		{AC4B66E3-A9EB-44CC-8DC7-11571727DA4C}.Debug|x64.ActiveCfg = Debug|Any CPU
		{AC4B66E3-A9EB-44CC-8DC7-11571727DA4C}.Debug|x64.Build.0 = Debug|Any CPU
		{AC4B66E3-A9EB-44CC-8DC7-11571727DA4C}.Debug|x86.ActiveCfg = Debug|Any CPU
		{AC4B66E3-A9EB-44CC-8DC7-11571727DA4C}.Debug|x86.Build.0 = Debug|Any CPU
		{AC4B66E3-A9EB-44CC-8DC7-11571727DA4C}.Release|Any CPU.ActiveCfg = Release|Any CPU
		{AC4B66E3-A9EB-44CC-8DC7-11571727DA4C}.Release|Any CPU.Build.0 = Release|Any CPU
		{AC4B66E3-A9EB-44CC-8DC7-11571727DA4C}.Release|ARM.ActiveCfg = Release|Any CPU
		{AC4B66E3-A9EB-44CC-8DC7-11571727DA4C}.Release|ARM.Build.0 = Release|Any CPU
		{AC4B66E3-A9EB-44CC-8DC7-11571727DA4C}.Release|ARM64.ActiveCfg = Release|Any CPU
		{AC4B66E3-A9EB-44CC-8DC7-11571727DA4C}.Release|ARM64.Build.0 = Release|Any CPU
		{AC4B66E3-A9EB-44CC-8DC7-11571727DA4C}.Release|x64.ActiveCfg = Release|Any CPU
		{AC4B66E3-A9EB-44CC-8DC7-11571727DA4C}.Release|x64.Build.0 = Release|Any CPU
		{AC4B66E3-A9EB-44CC-8DC7-11571727DA4C}.Release|x86.ActiveCfg = Release|Any CPU
		{AC4B66E3-A9EB-44CC-8DC7-11571727DA4C}.Release|x86.Build.0 = Release|Any CPU
		{4CD3CF09-D01D-4218-9171-F223C10A43A3}.Debug|Any CPU.ActiveCfg = Debug|Any CPU
		{4CD3CF09-D01D-4218-9171-F223C10A43A3}.Debug|Any CPU.Build.0 = Debug|Any CPU
		{4CD3CF09-D01D-4218-9171-F223C10A43A3}.Debug|ARM.ActiveCfg = Debug|Any CPU
		{4CD3CF09-D01D-4218-9171-F223C10A43A3}.Debug|ARM.Build.0 = Debug|Any CPU
		{4CD3CF09-D01D-4218-9171-F223C10A43A3}.Debug|ARM64.ActiveCfg = Debug|Any CPU
		{4CD3CF09-D01D-4218-9171-F223C10A43A3}.Debug|ARM64.Build.0 = Debug|Any CPU
		{4CD3CF09-D01D-4218-9171-F223C10A43A3}.Debug|x64.ActiveCfg = Debug|Any CPU
		{4CD3CF09-D01D-4218-9171-F223C10A43A3}.Debug|x64.Build.0 = Debug|Any CPU
		{4CD3CF09-D01D-4218-9171-F223C10A43A3}.Debug|x86.ActiveCfg = Debug|Any CPU
		{4CD3CF09-D01D-4218-9171-F223C10A43A3}.Debug|x86.Build.0 = Debug|Any CPU
		{4CD3CF09-D01D-4218-9171-F223C10A43A3}.Release|Any CPU.ActiveCfg = Release|Any CPU
		{4CD3CF09-D01D-4218-9171-F223C10A43A3}.Release|Any CPU.Build.0 = Release|Any CPU
		{4CD3CF09-D01D-4218-9171-F223C10A43A3}.Release|ARM.ActiveCfg = Release|Any CPU
		{4CD3CF09-D01D-4218-9171-F223C10A43A3}.Release|ARM.Build.0 = Release|Any CPU
		{4CD3CF09-D01D-4218-9171-F223C10A43A3}.Release|ARM64.ActiveCfg = Release|Any CPU
		{4CD3CF09-D01D-4218-9171-F223C10A43A3}.Release|ARM64.Build.0 = Release|Any CPU
		{4CD3CF09-D01D-4218-9171-F223C10A43A3}.Release|x64.ActiveCfg = Release|Any CPU
		{4CD3CF09-D01D-4218-9171-F223C10A43A3}.Release|x64.Build.0 = Release|Any CPU
		{4CD3CF09-D01D-4218-9171-F223C10A43A3}.Release|x86.ActiveCfg = Release|Any CPU
		{4CD3CF09-D01D-4218-9171-F223C10A43A3}.Release|x86.Build.0 = Release|Any CPU
	EndGlobalSection
	GlobalSection(SolutionProperties) = preSolution
		HideSolutionNode = FALSE
	EndGlobalSection
	GlobalSection(ExtensibilityGlobals) = postSolution
		SolutionGuid = {D9C9FF3C-4B0F-44C9-BB43-8521A81E9B82}
	EndGlobalSection
EndGlobal
